
Microsoft Visual Studio Solution File, Format Version 12.00
# Visual Studio Version 17
VisualStudioVersion = 17.9.34607.119
MinimumVisualStudioVersion = 10.0.40219.1
Project("{9A19103F-16F7-4668-BE54-9A1E7A4F7556}") = "Student Enrollment", "Student Enrollment.csproj", "{FE5EF054-502B-485F-B136-1EF3FB1E4F32}"
EndProject
Global
	GlobalSection(SolutionConfigurationPlatforms) = preSolution
		Debug|Any CPU = Debug|Any CPU
		Release|Any CPU = Release|Any CPU
	EndGlobalSection
	GlobalSection(ProjectConfigurationPlatforms) = postSolution
		{FE5EF054-502B-485F-B136-1EF3FB1E4F32}.Debug|Any CPU.ActiveCfg = Debug|Any CPU
		{FE5EF054-502B-485F-B136-1EF3FB1E4F32}.Debug|Any CPU.Build.0 = Debug|Any CPU
		{FE5EF054-502B-485F-B136-1EF3FB1E4F32}.Release|Any CPU.ActiveCfg = Release|Any CPU
		{FE5EF054-502B-485F-B136-1EF3FB1E4F32}.Release|Any CPU.Build.0 = Release|Any CPU
	EndGlobalSection
	GlobalSection(SolutionProperties) = preSolution
		HideSolutionNode = FALSE
	EndGlobalSection
	GlobalSection(ExtensibilityGlobals) = postSolution
		SolutionGuid = {6451DD9C-5E9A-4B74-AC5F-278F0E288EC9}
	EndGlobalSection
EndGlobal
